{
  "name": "client-zai-xian-xiao-shuo-to-epub",
  "version": "1.0.0",
  "lockfileVersion": 1,
  "dependencies": {
    "epub-maker": {
      "version": "1.2.0",
      "resolved": "https://registry.npmjs.org/epub-maker/-/epub-maker-1.2.0.tgz",
      "integrity": "sha1-oUxsmjuWwP1WZbWIWPZJcdwvmUs="
    }
  }
}
